<?xml version="1.0" encoding="utf-8"?>
<Project ToolsVersion="4.0" xmlns="http://schemas.microsoft.com/developer/msbuild/2003">
  <ItemGroup>
    <Filter Include="system">
      <UniqueIdentifier>{22dd8095-74f9-46df-81a1-36675a040b1f}</UniqueIdentifier>
    </Filter>
    <Filter Include="collision">
      <UniqueIdentifier>{00231e35-a804-4beb-8fbb-f05f524f4882}</UniqueIdentifier>
    </Filter>
    <Filter Include="state">
      <UniqueIdentifier>{d556708d-3521-4ee7-bd80-2f216b539592}</UniqueIdentifier>
    </Filter>
    <Filter Include="physics">
      <UniqueIdentifier>{87747dfa-ff47-4a9a-8da2-deacf4dc46da}</UniqueIdentifier>
    </Filter>
  </ItemGroup>
  <ItemGroup>
    <ClCompile Include="stdafx.cpp" />
    <ClCompile Include="main.cpp" />
    <ClCompile Include="system\system.cpp">
      <Filter>system</Filter>
    </ClCompile>
    <ClCompile Include="Game.cpp" />
    <ClCompile Include="InputManager.cpp" />
    <ClCompile Include="collision\RayCast.cpp">
      <Filter>collision</Filter>
    </ClCompile>
    <ClCompile Include="physics\Gravity.cpp">
      <Filter>physics</Filter>
    </ClCompile>
  </ItemGroup>
  <ItemGroup>
    <ClInclude Include="stdafx.h" />
    <ClInclude Include="system\system.h">
      <Filter>system</Filter>
    </ClInclude>
    <ClInclude Include="Game.h" />
    <ClInclude Include="InputManager.h" />
    <ClInclude Include="collision\CollisionType.h">
      <Filter>collision</Filter>
    </ClInclude>
    <ClInclude Include="collision\RayCast.h">
      <Filter>collision</Filter>
    </ClInclude>
    <ClInclude Include="state\IState.h">
      <Filter>state</Filter>
    </ClInclude>
    <ClInclude Include="state\StateMachine.h">
      <Filter>state</Filter>
    </ClInclude>
    <ClInclude Include="physics\Gravity.h">
      <Filter>physics</Filter>
    </ClInclude>
  </ItemGroup>
</Project>